
Microsoft Visual Studio Solution File, Format Version 12.00
# Visual Studio 15
VisualStudioVersion = 15.0.27003.3002
MinimumVisualStudioVersion = 10.0.40219.1
Project("{9A19103F-16F7-4668-BE54-9A1E7A4F7556}") = "RemoteAttributeInArea", "RemoteAttributeInArea.csproj", "{700C69E3-6D50-4413-8ABA-3E6F94C40D24}"
EndProject
Global
	GlobalSection(SolutionConfigurationPlatforms) = preSolution
		Debug|Any CPU = Debug|Any CPU
		Release|Any CPU = Release|Any CPU
	EndGlobalSection
	GlobalSection(ProjectConfigurationPlatforms) = postSolution
		{700C69E3-6D50-4413-8ABA-3E6F94C40D24}.Debug|Any CPU.ActiveCfg = Debug|Any CPU
		{700C69E3-6D50-4413-8ABA-3E6F94C40D24}.Debug|Any CPU.Build.0 = Debug|Any CPU
		{700C69E3-6D50-4413-8ABA-3E6F94C40D24}.Release|Any CPU.ActiveCfg = Release|Any CPU
		{700C69E3-6D50-4413-8ABA-3E6F94C40D24}.Release|Any CPU.Build.0 = Release|Any CPU
	EndGlobalSection
	GlobalSection(SolutionProperties) = preSolution
		HideSolutionNode = FALSE
	EndGlobalSection
	GlobalSection(ExtensibilityGlobals) = postSolution
		SolutionGuid = {0AAAB225-9535-4FF6-81BC-3BA58AE2FC0C}
	EndGlobalSection
EndGlobal
